{
  "version": 4,
  "terraform_version": "0.12.0",
  "serial": 17,
  "lineage": "4ec78469-f94a-f311-12da-698ba10d3b5f",
  "outputs": {},
  "resources": [
    {
      "mode": "data",
      "type": "aws_ami",
      "name": "ubuntu",
      "provider": "provider.aws",
      "instances": [
        {
          "schema_version": 0,
          "attributes": {
            "architecture": "x86_64",
            "block_device_mappings": [
              {
                "device_name": "/dev/sda1",
                "ebs": {
                  "delete_on_termination": "true",
                  "encrypted": "false",
                  "iops": "0",
                  "snapshot_id": "snap-0cee38753805128ac",
                  "volume_size": "8",
                  "volume_type": "gp2"
                },
                "no_device": "",
                "virtual_name": ""
              },
              {
                "device_name": "/dev/sdb",
                "ebs": {},
                "no_device": "",
                "virtual_name": "ephemeral0"
              },
              {
                "device_name": "/dev/sdc",
                "ebs": {},
                "no_device": "",
                "virtual_name": "ephemeral1"
              }
            ],
            "creation_date": "2019-05-15T11:57:02.000Z",
            "description": "Canonical, Ubuntu, 14.04 LTS, amd64 trusty image build on 2019-05-14",
            "executable_users": null,
            "filter": [
              {
                "name": "name",
                "values": [
                  "ubuntu/images/hvm-ssd/ubuntu-trusty-14.04-amd64-server-*"
                ]
              },
              {
                "name": "virtualization-type",
                "values": [
                  "hvm"
                ]
              }
            ],
            "hypervisor": "xen",
            "id": "ami-0e52b5f0b50d5c811",
            "image_id": "ami-0e52b5f0b50d5c811",
            "image_location": "099720109477/ubuntu/images/hvm-ssd/ubuntu-trusty-14.04-amd64-server-20190514",
            "image_owner_alias": null,
            "image_type": "machine",
            "kernel_id": null,
            "most_recent": true,
            "name": "ubuntu/images/hvm-ssd/ubuntu-trusty-14.04-amd64-server-20190514",
            "name_regex": null,
            "owner_id": "099720109477",
            "owners": [
              "099720109477"
            ],
            "platform": null,
            "product_codes": [],
            "public": true,
            "ramdisk_id": null,
            "root_device_name": "/dev/sda1",
            "root_device_type": "ebs",
            "root_snapshot_id": "snap-0cee38753805128ac",
            "sriov_net_support": "simple",
            "state": "available",
            "state_reason": {
              "code": "UNSET",
              "message": "UNSET"
            },
            "tags": {},
            "virtualization_type": "hvm"
          }
        }
      ]
    },
    {
      "mode": "managed",
      "type": "aws_internet_gateway",
      "name": "default",
      "provider": "provider.aws",
      "instances": [
        {
          "schema_version": 0,
          "attributes": {
            "id": "igw-06ab88ee047743656",
            "owner_id": "168500664641",
            "tags": null,
            "vpc_id": "vpc-0c44a8f53e61d9b23"
          },
          "depends_on": [
            "aws_vpc.main"
          ]
        }
      ]
    },
    {
      "mode": "managed",
      "type": "aws_key_pair",
      "name": "admin",
      "provider": "provider.aws",
      "instances": [
        {
          "schema_version": 1,
          "attributes": {
            "fingerprint": "56:08:c0:65:d5:e0:1d:2c:e1:5e:66:3d:d7:6a:55:c1",
            "id": "admin.key",
            "key_name": "admin.key",
            "key_name_prefix": null,
            "public_key": "ssh-rsa AAAAB3NzaC1yc2EAAAADAQABAAABAQDO0cD6HK2cPutURkX11lR1DG1+/Ry1t3Jp+RCTybp3wFVHCKitCcwqyZEhGuviTLJgCaL71xiKjkKjt9VoIEi7FnJ+gQdRC/OTc6RwhUYdox5mgOeM/1erb1949eD0OE2mVAw/al+xPZBTOejTQzRgOvIfEP7y0WlM3dAOqAgTCvJnysxxmHUh7skCt6mxLK5tpTmnpEb9bFXTIcbMKtKhLGkOImOUeVTRQePS4E2IImLouAl+QFbmbfxPM6A962FSGL1iZXF/Pkkm8IfSaUybkx+mcV4zD/l8BfYhNYJSujVJn/OoE99/2escJFoJBvgkRVNkAf583wrlx1M9k3Il nel@nel"
          }
        }
      ]
    },
    {
      "mode": "managed",
      "type": "aws_security_group",
      "name": "allow_remote_admin",
      "provider": "provider.aws",
      "instances": [
        {
          "schema_version": 1,
          "attributes": {
            "arn": "arn:aws:ec2:eu-west-1:168500664641:security-group/sg-0f8cdbe61ef0e0263",
            "description": "Allow ssh and RDP inbound traffic",
            "egress": [],
            "id": "sg-0f8cdbe61ef0e0263",
            "ingress": [
              {
                "cidr_blocks": [
                  "0.0.0.0/0"
                ],
                "description": "",
                "from_port": 22,
                "ipv6_cidr_blocks": [],
                "prefix_list_ids": [],
                "protocol": "tcp",
                "security_groups": [],
                "self": false,
                "to_port": 22
              },
              {
                "cidr_blocks": [
                  "0.0.0.0/0"
                ],
                "description": "",
                "from_port": 3389,
                "ipv6_cidr_blocks": [],
                "prefix_list_ids": [],
                "protocol": "tcp",
                "security_groups": [],
                "self": false,
                "to_port": 3389
              }
            ],
            "name": "allow_remote_admin",
            "name_prefix": null,
            "owner_id": "168500664641",
            "revoke_rules_on_delete": false,
            "tags": {
              "Name": "allow_remote_admin"
            },
            "timeouts": null,
            "vpc_id": "vpc-0c44a8f53e61d9b23"
          },
          "depends_on": [
            "aws_vpc.main"
          ]
        }
      ]
    },
    {
      "mode": "managed",
      "type": "aws_security_group",
      "name": "allow_rudder_internal",
      "provider": "provider.aws",
      "instances": [
        {
          "schema_version": 1,
          "attributes": {
            "arn": "arn:aws:ec2:eu-west-1:168500664641:security-group/sg-0a15d1177a3daf833",
            "description": "Allow rudder connexion from web server",
            "egress": [],
            "id": "sg-0a15d1177a3daf833",
            "ingress": [
              {
                "cidr_blocks": [
                  "172.30.2.0/24"
                ],
                "description": "",
                "from_port": 3306,
                "ipv6_cidr_blocks": [],
                "prefix_list_ids": [],
                "protocol": "tcp",
                "security_groups": [],
                "self": false,
                "to_port": 3306
              }
            ],
            "name": "allow_rudder_internal",
            "name_prefix": null,
            "owner_id": "168500664641",
            "revoke_rules_on_delete": false,
            "tags": {
              "Name": "allow_rudder_internal"
            },
            "timeouts": null,
            "vpc_id": "vpc-0c44a8f53e61d9b23"
          },
          "depends_on": [
            "aws_subnet.rudder",
            "aws_vpc.main"
          ]
        }
      ]
    },
    {
      "mode": "managed",
      "type": "aws_security_group",
      "name": "allow_web",
      "provider": "provider.aws",
      "instances": [
        {
          "schema_version": 1,
          "attributes": {
            "arn": "arn:aws:ec2:eu-west-1:168500664641:security-group/sg-003c24560d40100b9",
            "description": "Allow web traffic to server",
            "egress": [],
            "id": "sg-003c24560d40100b9",
            "ingress": [
              {
                "cidr_blocks": [
                  "0.0.0.0/0"
                ],
                "description": "",
                "from_port": 443,
                "ipv6_cidr_blocks": [],
                "prefix_list_ids": [],
                "protocol": "tcp",
                "security_groups": [],
                "self": false,
                "to_port": 443
              },
              {
                "cidr_blocks": [
                  "0.0.0.0/0"
                ],
                "description": "",
                "from_port": 80,
                "ipv6_cidr_blocks": [],
                "prefix_list_ids": [],
                "protocol": "tcp",
                "security_groups": [],
                "self": false,
                "to_port": 80
              }
            ],
            "name": "allow_web",
            "name_prefix": null,
            "owner_id": "168500664641",
            "revoke_rules_on_delete": false,
            "tags": {
              "Name": "allow_web"
            },
            "timeouts": null,
            "vpc_id": "vpc-0c44a8f53e61d9b23"
          },
          "depends_on": [
            "aws_vpc.main"
          ]
        }
      ]
    },
    {
      "mode": "managed",
      "type": "aws_subnet",
      "name": "rudder",
      "provider": "provider.aws",
      "instances": [
        {
          "schema_version": 1,
          "attributes": {
            "arn": "arn:aws:ec2:eu-west-1:168500664641:subnet/subnet-07fb39c020df23e4e",
            "assign_ipv6_address_on_creation": false,
            "availability_zone": "eu-west-1c",
            "availability_zone_id": "euw1-az3",
            "cidr_block": "172.30.2.0/24",
            "id": "subnet-07fb39c020df23e4e",
            "ipv6_cidr_block": "",
            "ipv6_cidr_block_association_id": "",
            "map_public_ip_on_launch": false,
            "owner_id": "168500664641",
            "tags": {
              "Name": "rudder"
            },
            "timeouts": null,
            "vpc_id": "vpc-0c44a8f53e61d9b23"
          },
          "depends_on": [
            "aws_vpc.main"
          ]
        }
      ]
    },
    {
      "mode": "managed",
      "type": "aws_vpc",
      "name": "main",
      "provider": "provider.aws",
      "instances": [
        {
          "schema_version": 1,
          "attributes": {
            "arn": "arn:aws:ec2:eu-west-1:168500664641:vpc/vpc-0c44a8f53e61d9b23",
            "assign_generated_ipv6_cidr_block": false,
            "cidr_block": "172.30.0.0/16",
            "default_network_acl_id": "acl-049b10e89687bd46c",
            "default_route_table_id": "rtb-06f2e2954062d7fd9",
            "default_security_group_id": "sg-0ac767f79368a4015",
            "dhcp_options_id": "dopt-00001662",
            "enable_classiclink": false,
            "enable_classiclink_dns_support": false,
            "enable_dns_hostnames": false,
            "enable_dns_support": true,
            "id": "vpc-0c44a8f53e61d9b23",
            "instance_tenancy": "dedicated",
            "ipv6_association_id": "",
            "ipv6_cidr_block": "",
            "main_route_table_id": "rtb-06f2e2954062d7fd9",
            "owner_id": "168500664641",
            "tags": {
              "Name": "main"
            }
          }
        }
      ]
    }
  ]
}
